
Microsoft Visual Studio Solution File, Format Version 12.00
# Visual Studio Version 16
VisualStudioVersion = 16.0.30717.126
MinimumVisualStudioVersion = 10.0.40219.1
Project("{FAE04EC0-301F-11D3-BF4B-00C04F79EFBC}") = "CoreBook", "CoreBook\CoreBook.csproj", "{549D72D6-8854-4DDC-B04F-B08A782EEA11}"
EndProject
Project("{FAE04EC0-301F-11D3-BF4B-00C04F79EFBC}") = "CoreBook.DataAccess", "CoreBook.DataAccess\CoreBook.DataAccess.csproj", "{2DD242D3-C38C-4BE8-9764-0424DE8F840C}"
EndProject
Project("{FAE04EC0-301F-11D3-BF4B-00C04F79EFBC}") = "CoreBook.Models", "CoreBook.Models\CoreBook.Models.csproj", "{3632AF36-6E41-46A5-80FC-6AA28E431F64}"
EndProject
Project("{FAE04EC0-301F-11D3-BF4B-00C04F79EFBC}") = "CoreBook.Utility", "CoreBook.Utility\CoreBook.Utility.csproj", "{94538D68-1E45-4CE0-B46C-C1A1685145F2}"
EndProject
Global
	GlobalSection(SolutionConfigurationPlatforms) = preSolution
		Debug|Any CPU = Debug|Any CPU
		Release|Any CPU = Release|Any CPU
	EndGlobalSection
	GlobalSection(ProjectConfigurationPlatforms) = postSolution
		{549D72D6-8854-4DDC-B04F-B08A782EEA11}.Debug|Any CPU.ActiveCfg = Debug|Any CPU
		{549D72D6-8854-4DDC-B04F-B08A782EEA11}.Debug|Any CPU.Build.0 = Debug|Any CPU
		{549D72D6-8854-4DDC-B04F-B08A782EEA11}.Release|Any CPU.ActiveCfg = Release|Any CPU
		{549D72D6-8854-4DDC-B04F-B08A782EEA11}.Release|Any CPU.Build.0 = Release|Any CPU
		{2DD242D3-C38C-4BE8-9764-0424DE8F840C}.Debug|Any CPU.ActiveCfg = Debug|Any CPU
		{2DD242D3-C38C-4BE8-9764-0424DE8F840C}.Debug|Any CPU.Build.0 = Debug|Any CPU
		{2DD242D3-C38C-4BE8-9764-0424DE8F840C}.Release|Any CPU.ActiveCfg = Release|Any CPU
		{2DD242D3-C38C-4BE8-9764-0424DE8F840C}.Release|Any CPU.Build.0 = Release|Any CPU
		{3632AF36-6E41-46A5-80FC-6AA28E431F64}.Debug|Any CPU.ActiveCfg = Debug|Any CPU
		{3632AF36-6E41-46A5-80FC-6AA28E431F64}.Debug|Any CPU.Build.0 = Debug|Any CPU
		{3632AF36-6E41-46A5-80FC-6AA28E431F64}.Release|Any CPU.ActiveCfg = Release|Any CPU
		{3632AF36-6E41-46A5-80FC-6AA28E431F64}.Release|Any CPU.Build.0 = Release|Any CPU
		{94538D68-1E45-4CE0-B46C-C1A1685145F2}.Debug|Any CPU.ActiveCfg = Debug|Any CPU
		{94538D68-1E45-4CE0-B46C-C1A1685145F2}.Debug|Any CPU.Build.0 = Debug|Any CPU
		{94538D68-1E45-4CE0-B46C-C1A1685145F2}.Release|Any CPU.ActiveCfg = Release|Any CPU
		{94538D68-1E45-4CE0-B46C-C1A1685145F2}.Release|Any CPU.Build.0 = Release|Any CPU
	EndGlobalSection
	GlobalSection(SolutionProperties) = preSolution
		HideSolutionNode = FALSE
	EndGlobalSection
	GlobalSection(ExtensibilityGlobals) = postSolution
		SolutionGuid = {0CF6C554-CA6E-4DD2-96DF-E9B8771626ED}
	EndGlobalSection
EndGlobal
